PODS:
  - bls (0.0.1):
    - Flutter
  - connectivity (0.0.1):
    - Flutter
    - Reachability
  - device_info (0.0.1):
    - Flutter
  - flotus (0.0.1):
    - Flutter
  - Flutter (1.0.0)
  - image_picker (0.0.1):
    - Flutter
  - install_plugin (0.0.1):
    - Flutter
  - package_info (0.0.1):
    - Flutter
  - path_provider (0.0.1):
    - Flutter
  - permission_handler (3.0.1):
    - Flutter
  - Reachability (3.2)
  - scan (0.0.1):
    - Flutter
  - share (0.0.1):
    - Flutter
  - shared_preferences (0.0.1):
    - Flutter
  - url_launcher (0.0.1):
    - Flutter
  - webview_flutter (0.0.1):
    - Flutter

DEPENDENCIES:
  - bls (from `.symlinks/plugins/bls/ios`)
  - connectivity (from `.symlinks/plugins/connectivity/ios`)
  - device_info (from `.symlinks/plugins/device_info/ios`)
  - flotus (from `.symlinks/plugins/flotus/ios`)
  - Flutter (from `Flutter`)
  - image_picker (from `.symlinks/plugins/image_picker/ios`)
  - install_plugin (from `.symlinks/plugins/install_plugin/ios`)
  - package_info (from `.symlinks/plugins/package_info/ios`)
  - path_provider (from `.symlinks/plugins/path_provider/ios`)
  - permission_handler (from `.symlinks/plugins/permission_handler/ios`)
  - scan (from `.symlinks/plugins/scan/ios`)
  - share (from `.symlinks/plugins/share/ios`)
  - shared_preferences (from `.symlinks/plugins/shared_preferences/ios`)
  - url_launcher (from `.symlinks/plugins/url_launcher/ios`)
  - webview_flutter (from `.symlinks/plugins/webview_flutter/ios`)

SPEC REPOS:
  trunk:
    - Reachability

EXTERNAL SOURCES:
  bls:
    :path: ".symlinks/plugins/bls/ios"
  connectivity:
    :path: ".symlinks/plugins/connectivity/ios"
  device_info:
    :path: ".symlinks/plugins/device_info/ios"
  flotus:
    :path: ".symlinks/plugins/flotus/ios"
  Flutter:
    :path: Flutter
  image_picker:
    :path: ".symlinks/plugins/image_picker/ios"
  install_plugin:
    :path: ".symlinks/plugins/install_plugin/ios"
  package_info:
    :path: ".symlinks/plugins/package_info/ios"
  path_provider:
    :path: ".symlinks/plugins/path_provider/ios"
  permission_handler:
    :path: ".symlinks/plugins/permission_handler/ios"
  scan:
    :path: ".symlinks/plugins/scan/ios"
  share:
    :path: ".symlinks/plugins/share/ios"
  shared_preferences:
    :path: ".symlinks/plugins/shared_preferences/ios"
  url_launcher:
    :path: ".symlinks/plugins/url_launcher/ios"
  webview_flutter:
    :path: ".symlinks/plugins/webview_flutter/ios"

SPEC CHECKSUMS:
  bls: 01aa61b96b2ef0da754ff06d85071d3c4b644c24
  connectivity: a55fb8faa51f94af6e5e49f259a6c321b3f91b4d
  device_info: c3d6471842c6831998c5d538096b18b97aee72a5
  flotus: 8b8041a6daa21fb878b099fdd0979d29e0fd2d75
  Flutter: 0e3d915762c693b495b44d77113d4970485de6ec
  image_picker: 09a94c8750ddb69d23609077a79edc940fe486e7
  install_plugin: a885d68d4baad138dc1c9f5694c31ce6197fa479
  package_info: f340884858348064c9107592eb0ac43d5dc87834
  path_provider: 5188a3273f9913c95b81da2c30d835aed053d539
  permission_handler: f01cd16f21c981c440541cab19365af7a7bc8246
  Reachability: 33e18b67625424e47b6cde6d202dce689ad7af96
  scan: 65debf85b20b2f142f6d0a3552cf041b1067f77c
  share: ee7b494c26c269b22ffae0448d23557ec7ea3e1b
  shared_preferences: 5a5486440f633755f8fc8470048818685d47c128
  url_launcher: a98628e97ea71544c1a0fe02ef2bc61bc65eb768
  webview_flutter: e71e9df462708a36885563c0b12c6ac9a0dd4753

PODFILE CHECKSUM: 680212ce3fa2bdc55aa28a36cb64e9314b319bbd

COCOAPODS: 1.11.3
